
Microsoft Visual Studio Solution File, Format Version 12.00
# Visual Studio 15
VisualStudioVersion = 15.0.27004.2006
MinimumVisualStudioVersion = 10.0.40219.1
Project("{FAE04EC0-301F-11D3-BF4B-00C04F79EFBC}") = "Classes", "Classes\Classes.csproj", "{BFA7166A-846F-4855-AED3-C00FC653AB4B}"
EndProject
Project("{FAE04EC0-301F-11D3-BF4B-00C04F79EFBC}") = "Web", "Web\Web.csproj", "{C475FD2D-3AAD-42C6-89C6-3114F407A191}"
EndProject
Project("{FAE04EC0-301F-11D3-BF4B-00C04F79EFBC}") = "Web.Tests", "Web.Tests\Web.Tests.csproj", "{7DDF4023-2E0F-4736-BC92-484D5718692F}"
EndProject
Project("{FAE04EC0-301F-11D3-BF4B-00C04F79EFBC}") = "Web.Tests.Integration", "Web.Tests.Integration\Web.Tests.Integration.csproj", "{B311E2D7-90CE-4EB6-AFCA-5EFBFAB59BCE}"
EndProject
Global
	GlobalSection(SolutionConfigurationPlatforms) = preSolution
		Debug|Any CPU = Debug|Any CPU
		Release|Any CPU = Release|Any CPU
	EndGlobalSection
	GlobalSection(ProjectConfigurationPlatforms) = postSolution
		{BFA7166A-846F-4855-AED3-C00FC653AB4B}.Debug|Any CPU.ActiveCfg = Debug|Any CPU
		{BFA7166A-846F-4855-AED3-C00FC653AB4B}.Debug|Any CPU.Build.0 = Debug|Any CPU
		{BFA7166A-846F-4855-AED3-C00FC653AB4B}.Release|Any CPU.ActiveCfg = Release|Any CPU
		{BFA7166A-846F-4855-AED3-C00FC653AB4B}.Release|Any CPU.Build.0 = Release|Any CPU
		{C475FD2D-3AAD-42C6-89C6-3114F407A191}.Debug|Any CPU.ActiveCfg = Debug|Any CPU
		{C475FD2D-3AAD-42C6-89C6-3114F407A191}.Debug|Any CPU.Build.0 = Debug|Any CPU
		{C475FD2D-3AAD-42C6-89C6-3114F407A191}.Release|Any CPU.ActiveCfg = Release|Any CPU
		{C475FD2D-3AAD-42C6-89C6-3114F407A191}.Release|Any CPU.Build.0 = Release|Any CPU
		{7DDF4023-2E0F-4736-BC92-484D5718692F}.Debug|Any CPU.ActiveCfg = Debug|Any CPU
		{7DDF4023-2E0F-4736-BC92-484D5718692F}.Debug|Any CPU.Build.0 = Debug|Any CPU
		{7DDF4023-2E0F-4736-BC92-484D5718692F}.Release|Any CPU.ActiveCfg = Release|Any CPU
		{7DDF4023-2E0F-4736-BC92-484D5718692F}.Release|Any CPU.Build.0 = Release|Any CPU
		{B311E2D7-90CE-4EB6-AFCA-5EFBFAB59BCE}.Debug|Any CPU.ActiveCfg = Debug|Any CPU
		{B311E2D7-90CE-4EB6-AFCA-5EFBFAB59BCE}.Debug|Any CPU.Build.0 = Debug|Any CPU
		{B311E2D7-90CE-4EB6-AFCA-5EFBFAB59BCE}.Release|Any CPU.ActiveCfg = Release|Any CPU
		{B311E2D7-90CE-4EB6-AFCA-5EFBFAB59BCE}.Release|Any CPU.Build.0 = Release|Any CPU
	EndGlobalSection
	GlobalSection(SolutionProperties) = preSolution
		HideSolutionNode = FALSE
	EndGlobalSection
	GlobalSection(ExtensibilityGlobals) = postSolution
		SolutionGuid = {FF00823D-9A64-418A-980F-DBAB2C0EA68B}
	EndGlobalSection
EndGlobal
